
Microsoft Visual Studio Solution File, Format Version 12.00
# Visual Studio Version 17
VisualStudioVersion = 17.8.34330.188
MinimumVisualStudioVersion = 10.0.40219.1
Project("{FAE04EC0-301F-11D3-BF4B-00C04F79EFBC}") = "spectrum-sniffer", "spectrum-sniffer\spectrum-sniffer.csproj", "{5B65CB17-47E3-44C9-8B51-D7C8B1B7BE84}"
EndProject
Global
	GlobalSection(SolutionConfigurationPlatforms) = preSolution
		Debug|Any CPU = Debug|Any CPU
		Release|Any CPU = Release|Any CPU
	EndGlobalSection
	GlobalSection(ProjectConfigurationPlatforms) = postSolution
		{5B65CB17-47E3-44C9-8B51-D7C8B1B7BE84}.Debug|Any CPU.ActiveCfg = Debug|Any CPU
		{5B65CB17-47E3-44C9-8B51-D7C8B1B7BE84}.Debug|Any CPU.Build.0 = Debug|Any CPU
		{5B65CB17-47E3-44C9-8B51-D7C8B1B7BE84}.Release|Any CPU.ActiveCfg = Release|Any CPU
		{5B65CB17-47E3-44C9-8B51-D7C8B1B7BE84}.Release|Any CPU.Build.0 = Release|Any CPU
	EndGlobalSection
	GlobalSection(SolutionProperties) = preSolution
		HideSolutionNode = FALSE
	EndGlobalSection
	GlobalSection(ExtensibilityGlobals) = postSolution
		SolutionGuid = {CE855B0C-56CF-44AA-ABBC-614EBF42AFBB}
	EndGlobalSection
EndGlobal
